<?xml version="1.0" encoding="UTF-8"?>
<CodeBlocks_project_file>
	<FileVersion major="1" minor="6"/>
	<Project>
		<Option title="deepnn"/>
		<Option makefile_is_custom="1"/>
		<Option compiler="gcc"/>
		<Option virtualFolders="CMake Files\;CMake Files\..\;CMake Files\..\..\;CMake Files\..\..\..\;CMake Files\..\..\..\..\;CMake Files\..\..\..\..\opt\;CMake Files\..\..\..\..\opt\arrayfire\;CMake Files\..\..\..\..\opt\arrayfire\share\;CMake Files\..\..\..\..\opt\arrayfire\share\ArrayFire\;CMake Files\..\..\..\..\opt\arrayfire\share\ArrayFire\cmake\;"/>
		<Build>
			<Target title="all">
				<Option working_dir="/Users/ashvid/CLionProjects/deep-learning"/>
				<Option type="4"/>
				<MakeCommands>
					<Build command="/usr/bin/make -j8 -f &quot;/Users/ashvid/CLionProjects/deep-learning/Makefile&quot;  VERBOSE=1 all"/>
					<CompileFile command="/usr/bin/make -j8 -f &quot;/Users/ashvid/CLionProjects/deep-learning/Makefile&quot;  VERBOSE=1 &quot;$file&quot;"/>
					<Clean command="/usr/bin/make -j8 -f &quot;/Users/ashvid/CLionProjects/deep-learning/Makefile&quot;  VERBOSE=1 clean"/>
					<DistClean command="/usr/bin/make -j8 -f &quot;/Users/ashvid/CLionProjects/deep-learning/Makefile&quot;  VERBOSE=1 clean"/>
				</MakeCommands>
			</Target>
			<Target title="rebuild_cache">
				<Option working_dir="/Users/ashvid/CLionProjects/deep-learning"/>
				<Option type="4"/>
				<MakeCommands>
					<Build command="/usr/bin/make -j8 -f &quot;/Users/ashvid/CLionProjects/deep-learning/Makefile&quot;  VERBOSE=1 rebuild_cache"/>
					<CompileFile command="/usr/bin/make -j8 -f &quot;/Users/ashvid/CLionProjects/deep-learning/Makefile&quot;  VERBOSE=1 &quot;$file&quot;"/>
					<Clean command="/usr/bin/make -j8 -f &quot;/Users/ashvid/CLionProjects/deep-learning/Makefile&quot;  VERBOSE=1 clean"/>
					<DistClean command="/usr/bin/make -j8 -f &quot;/Users/ashvid/CLionProjects/deep-learning/Makefile&quot;  VERBOSE=1 clean"/>
				</MakeCommands>
			</Target>
			<Target title="edit_cache">
				<Option working_dir="/Users/ashvid/CLionProjects/deep-learning"/>
				<Option type="4"/>
				<MakeCommands>
					<Build command="/usr/bin/make -j8 -f &quot;/Users/ashvid/CLionProjects/deep-learning/Makefile&quot;  VERBOSE=1 edit_cache"/>
					<CompileFile command="/usr/bin/make -j8 -f &quot;/Users/ashvid/CLionProjects/deep-learning/Makefile&quot;  VERBOSE=1 &quot;$file&quot;"/>
					<Clean command="/usr/bin/make -j8 -f &quot;/Users/ashvid/CLionProjects/deep-learning/Makefile&quot;  VERBOSE=1 clean"/>
					<DistClean command="/usr/bin/make -j8 -f &quot;/Users/ashvid/CLionProjects/deep-learning/Makefile&quot;  VERBOSE=1 clean"/>
				</MakeCommands>
			</Target>
			<Target title="deepnn_opencl">
				<Option output="/Users/ashvid/CLionProjects/deep-learning/deepnn_opencl" prefix_auto="0" extension_auto="0"/>
				<Option working_dir="/Users/ashvid/CLionProjects/deep-learning"/>
				<Option object_output="./"/>
				<Option type="1"/>
				<Option compiler="gcc"/>
				<Compiler>
					<Add directory="/opt/arrayfire/include"/>
					<Add directory="/Library/Developer/CommandLineTools/usr/include/c++/v1"/>
					<Add directory="/usr/local/include"/>
					<Add directory="/Library/Developer/CommandLineTools/usr/lib/clang/10.0.0/include"/>
					<Add directory="/Library/Developer/CommandLineTools/usr/include"/>
					<Add directory="/usr/include"/>
					<Add directory="/System/Library/Frameworks"/>
					<Add directory="/Library/Frameworks"/>
				</Compiler>
				<MakeCommands>
					<Build command="/usr/bin/make -j8 -f &quot;/Users/ashvid/CLionProjects/deep-learning/Makefile&quot;  VERBOSE=1 deepnn_opencl"/>
					<CompileFile command="/usr/bin/make -j8 -f &quot;/Users/ashvid/CLionProjects/deep-learning/Makefile&quot;  VERBOSE=1 &quot;$file&quot;"/>
					<Clean command="/usr/bin/make -j8 -f &quot;/Users/ashvid/CLionProjects/deep-learning/Makefile&quot;  VERBOSE=1 clean"/>
					<DistClean command="/usr/bin/make -j8 -f &quot;/Users/ashvid/CLionProjects/deep-learning/Makefile&quot;  VERBOSE=1 clean"/>
				</MakeCommands>
			</Target>
			<Target title="deepnn_opencl/fast">
				<Option output="/Users/ashvid/CLionProjects/deep-learning/deepnn_opencl" prefix_auto="0" extension_auto="0"/>
				<Option working_dir="/Users/ashvid/CLionProjects/deep-learning"/>
				<Option object_output="./"/>
				<Option type="1"/>
				<Option compiler="gcc"/>
				<Compiler>
					<Add directory="/opt/arrayfire/include"/>
					<Add directory="/Library/Developer/CommandLineTools/usr/include/c++/v1"/>
					<Add directory="/usr/local/include"/>
					<Add directory="/Library/Developer/CommandLineTools/usr/lib/clang/10.0.0/include"/>
					<Add directory="/Library/Developer/CommandLineTools/usr/include"/>
					<Add directory="/usr/include"/>
					<Add directory="/System/Library/Frameworks"/>
					<Add directory="/Library/Frameworks"/>
				</Compiler>
				<MakeCommands>
					<Build command="/usr/bin/make -j8 -f &quot;/Users/ashvid/CLionProjects/deep-learning/Makefile&quot;  VERBOSE=1 deepnn_opencl/fast"/>
					<CompileFile command="/usr/bin/make -j8 -f &quot;/Users/ashvid/CLionProjects/deep-learning/Makefile&quot;  VERBOSE=1 &quot;$file&quot;"/>
					<Clean command="/usr/bin/make -j8 -f &quot;/Users/ashvid/CLionProjects/deep-learning/Makefile&quot;  VERBOSE=1 clean"/>
					<DistClean command="/usr/bin/make -j8 -f &quot;/Users/ashvid/CLionProjects/deep-learning/Makefile&quot;  VERBOSE=1 clean"/>
				</MakeCommands>
			</Target>
			<Target title="deepnn_cuda">
				<Option output="/Users/ashvid/CLionProjects/deep-learning/deepnn_cuda" prefix_auto="0" extension_auto="0"/>
				<Option working_dir="/Users/ashvid/CLionProjects/deep-learning"/>
				<Option object_output="./"/>
				<Option type="1"/>
				<Option compiler="gcc"/>
				<Compiler>
					<Add directory="/opt/arrayfire/include"/>
					<Add directory="/Library/Developer/CommandLineTools/usr/include/c++/v1"/>
					<Add directory="/usr/local/include"/>
					<Add directory="/Library/Developer/CommandLineTools/usr/lib/clang/10.0.0/include"/>
					<Add directory="/Library/Developer/CommandLineTools/usr/include"/>
					<Add directory="/usr/include"/>
					<Add directory="/System/Library/Frameworks"/>
					<Add directory="/Library/Frameworks"/>
				</Compiler>
				<MakeCommands>
					<Build command="/usr/bin/make -j8 -f &quot;/Users/ashvid/CLionProjects/deep-learning/Makefile&quot;  VERBOSE=1 deepnn_cuda"/>
					<CompileFile command="/usr/bin/make -j8 -f &quot;/Users/ashvid/CLionProjects/deep-learning/Makefile&quot;  VERBOSE=1 &quot;$file&quot;"/>
					<Clean command="/usr/bin/make -j8 -f &quot;/Users/ashvid/CLionProjects/deep-learning/Makefile&quot;  VERBOSE=1 clean"/>
					<DistClean command="/usr/bin/make -j8 -f &quot;/Users/ashvid/CLionProjects/deep-learning/Makefile&quot;  VERBOSE=1 clean"/>
				</MakeCommands>
			</Target>
			<Target title="deepnn_cuda/fast">
				<Option output="/Users/ashvid/CLionProjects/deep-learning/deepnn_cuda" prefix_auto="0" extension_auto="0"/>
				<Option working_dir="/Users/ashvid/CLionProjects/deep-learning"/>
				<Option object_output="./"/>
				<Option type="1"/>
				<Option compiler="gcc"/>
				<Compiler>
					<Add directory="/opt/arrayfire/include"/>
					<Add directory="/Library/Developer/CommandLineTools/usr/include/c++/v1"/>
					<Add directory="/usr/local/include"/>
					<Add directory="/Library/Developer/CommandLineTools/usr/lib/clang/10.0.0/include"/>
					<Add directory="/Library/Developer/CommandLineTools/usr/include"/>
					<Add directory="/usr/include"/>
					<Add directory="/System/Library/Frameworks"/>
					<Add directory="/Library/Frameworks"/>
				</Compiler>
				<MakeCommands>
					<Build command="/usr/bin/make -j8 -f &quot;/Users/ashvid/CLionProjects/deep-learning/Makefile&quot;  VERBOSE=1 deepnn_cuda/fast"/>
					<CompileFile command="/usr/bin/make -j8 -f &quot;/Users/ashvid/CLionProjects/deep-learning/Makefile&quot;  VERBOSE=1 &quot;$file&quot;"/>
					<Clean command="/usr/bin/make -j8 -f &quot;/Users/ashvid/CLionProjects/deep-learning/Makefile&quot;  VERBOSE=1 clean"/>
					<DistClean command="/usr/bin/make -j8 -f &quot;/Users/ashvid/CLionProjects/deep-learning/Makefile&quot;  VERBOSE=1 clean"/>
				</MakeCommands>
			</Target>
			<Target title="deepnn_cpu">
				<Option output="/Users/ashvid/CLionProjects/deep-learning/deepnn_cpu" prefix_auto="0" extension_auto="0"/>
				<Option working_dir="/Users/ashvid/CLionProjects/deep-learning"/>
				<Option object_output="./"/>
				<Option type="1"/>
				<Option compiler="gcc"/>
				<Compiler>
					<Add directory="/opt/arrayfire/include"/>
					<Add directory="/Library/Developer/CommandLineTools/usr/include/c++/v1"/>
					<Add directory="/usr/local/include"/>
					<Add directory="/Library/Developer/CommandLineTools/usr/lib/clang/10.0.0/include"/>
					<Add directory="/Library/Developer/CommandLineTools/usr/include"/>
					<Add directory="/usr/include"/>
					<Add directory="/System/Library/Frameworks"/>
					<Add directory="/Library/Frameworks"/>
				</Compiler>
				<MakeCommands>
					<Build command="/usr/bin/make -j8 -f &quot;/Users/ashvid/CLionProjects/deep-learning/Makefile&quot;  VERBOSE=1 deepnn_cpu"/>
					<CompileFile command="/usr/bin/make -j8 -f &quot;/Users/ashvid/CLionProjects/deep-learning/Makefile&quot;  VERBOSE=1 &quot;$file&quot;"/>
					<Clean command="/usr/bin/make -j8 -f &quot;/Users/ashvid/CLionProjects/deep-learning/Makefile&quot;  VERBOSE=1 clean"/>
					<DistClean command="/usr/bin/make -j8 -f &quot;/Users/ashvid/CLionProjects/deep-learning/Makefile&quot;  VERBOSE=1 clean"/>
				</MakeCommands>
			</Target>
			<Target title="deepnn_cpu/fast">
				<Option output="/Users/ashvid/CLionProjects/deep-learning/deepnn_cpu" prefix_auto="0" extension_auto="0"/>
				<Option working_dir="/Users/ashvid/CLionProjects/deep-learning"/>
				<Option object_output="./"/>
				<Option type="1"/>
				<Option compiler="gcc"/>
				<Compiler>
					<Add directory="/opt/arrayfire/include"/>
					<Add directory="/Library/Developer/CommandLineTools/usr/include/c++/v1"/>
					<Add directory="/usr/local/include"/>
					<Add directory="/Library/Developer/CommandLineTools/usr/lib/clang/10.0.0/include"/>
					<Add directory="/Library/Developer/CommandLineTools/usr/include"/>
					<Add directory="/usr/include"/>
					<Add directory="/System/Library/Frameworks"/>
					<Add directory="/Library/Frameworks"/>
				</Compiler>
				<MakeCommands>
					<Build command="/usr/bin/make -j8 -f &quot;/Users/ashvid/CLionProjects/deep-learning/Makefile&quot;  VERBOSE=1 deepnn_cpu/fast"/>
					<CompileFile command="/usr/bin/make -j8 -f &quot;/Users/ashvid/CLionProjects/deep-learning/Makefile&quot;  VERBOSE=1 &quot;$file&quot;"/>
					<Clean command="/usr/bin/make -j8 -f &quot;/Users/ashvid/CLionProjects/deep-learning/Makefile&quot;  VERBOSE=1 clean"/>
					<DistClean command="/usr/bin/make -j8 -f &quot;/Users/ashvid/CLionProjects/deep-learning/Makefile&quot;  VERBOSE=1 clean"/>
				</MakeCommands>
			</Target>
		</Build>
		<Unit filename="/Users/ashvid/CLionProjects/deep-learning/activation.cpp">
			<Option target="deepnn_opencl"/>
			<Option target="deepnn_cuda"/>
			<Option target="deepnn_cpu"/>
		</Unit>
		<Unit filename="/Users/ashvid/CLionProjects/deep-learning/activation.h">
			<Option target="deepnn_opencl"/>
			<Option target="deepnn_cuda"/>
			<Option target="deepnn_cpu"/>
		</Unit>
		<Unit filename="/Users/ashvid/CLionProjects/deep-learning/deepnet.cpp">
			<Option target="deepnn_opencl"/>
			<Option target="deepnn_cuda"/>
			<Option target="deepnn_cpu"/>
		</Unit>
		<Unit filename="/Users/ashvid/CLionProjects/deep-learning/deepnet.h">
			<Option target="deepnn_cpu"/>
		</Unit>
		<Unit filename="/Users/ashvid/CLionProjects/deep-learning/main.cpp">
			<Option target="deepnn_opencl"/>
			<Option target="deepnn_cuda"/>
			<Option target="deepnn_cpu"/>
		</Unit>
		<Unit filename="/Users/ashvid/CLionProjects/deep-learning/CMakeLists.txt">
			<Option virtualFolder="CMake Files\"/>
		</Unit>
		<Unit filename="/Users/ashvid/CLionProjects/deep-learning/../../../../opt/arrayfire/share/ArrayFire/cmake/ArrayFireCPUTargets-relwithdebinfo.cmake">
			<Option virtualFolder="CMake Files\..\..\..\..\opt\arrayfire\share\ArrayFire\cmake\"/>
		</Unit>
		<Unit filename="/Users/ashvid/CLionProjects/deep-learning/../../../../opt/arrayfire/share/ArrayFire/cmake/ArrayFireCPUTargets.cmake">
			<Option virtualFolder="CMake Files\..\..\..\..\opt\arrayfire\share\ArrayFire\cmake\"/>
		</Unit>
		<Unit filename="/Users/ashvid/CLionProjects/deep-learning/../../../../opt/arrayfire/share/ArrayFire/cmake/ArrayFireCUDATargets-relwithdebinfo.cmake">
			<Option virtualFolder="CMake Files\..\..\..\..\opt\arrayfire\share\ArrayFire\cmake\"/>
		</Unit>
		<Unit filename="/Users/ashvid/CLionProjects/deep-learning/../../../../opt/arrayfire/share/ArrayFire/cmake/ArrayFireCUDATargets.cmake">
			<Option virtualFolder="CMake Files\..\..\..\..\opt\arrayfire\share\ArrayFire\cmake\"/>
		</Unit>
		<Unit filename="/Users/ashvid/CLionProjects/deep-learning/../../../../opt/arrayfire/share/ArrayFire/cmake/ArrayFireConfig.cmake">
			<Option virtualFolder="CMake Files\..\..\..\..\opt\arrayfire\share\ArrayFire\cmake\"/>
		</Unit>
		<Unit filename="/Users/ashvid/CLionProjects/deep-learning/../../../../opt/arrayfire/share/ArrayFire/cmake/ArrayFireConfigVersion.cmake">
			<Option virtualFolder="CMake Files\..\..\..\..\opt\arrayfire\share\ArrayFire\cmake\"/>
		</Unit>
		<Unit filename="/Users/ashvid/CLionProjects/deep-learning/../../../../opt/arrayfire/share/ArrayFire/cmake/ArrayFireOpenCLTargets-relwithdebinfo.cmake">
			<Option virtualFolder="CMake Files\..\..\..\..\opt\arrayfire\share\ArrayFire\cmake\"/>
		</Unit>
		<Unit filename="/Users/ashvid/CLionProjects/deep-learning/../../../../opt/arrayfire/share/ArrayFire/cmake/ArrayFireOpenCLTargets.cmake">
			<Option virtualFolder="CMake Files\..\..\..\..\opt\arrayfire\share\ArrayFire\cmake\"/>
		</Unit>
		<Unit filename="/Users/ashvid/CLionProjects/deep-learning/../../../../opt/arrayfire/share/ArrayFire/cmake/ArrayFireUnifiedTargets-relwithdebinfo.cmake">
			<Option virtualFolder="CMake Files\..\..\..\..\opt\arrayfire\share\ArrayFire\cmake\"/>
		</Unit>
		<Unit filename="/Users/ashvid/CLionProjects/deep-learning/../../../../opt/arrayfire/share/ArrayFire/cmake/ArrayFireUnifiedTargets.cmake">
			<Option virtualFolder="CMake Files\..\..\..\..\opt\arrayfire\share\ArrayFire\cmake\"/>
		</Unit>
	</Project>
</CodeBlocks_project_file>
